
Microsoft Visual Studio Solution File, Format Version 12.00
# Visual Studio Version 17
VisualStudioVersion = 17.9.34728.123
MinimumVisualStudioVersion = 10.0.40219.1
Project("{FAE04EC0-301F-11D3-BF4B-00C04F79EFBC}") = "TasksManagementApp", "TasksManagementApp\TasksManagementApp.csproj", "{7DA94F24-F347-4635-B55B-4096B23CF3C2}"
EndProject
Global
	GlobalSection(SolutionConfigurationPlatforms) = preSolution
		Debug|Any CPU = Debug|Any CPU
		Release|Any CPU = Release|Any CPU
	EndGlobalSection
	GlobalSection(ProjectConfigurationPlatforms) = postSolution
		{7DA94F24-F347-4635-B55B-4096B23CF3C2}.Debug|Any CPU.ActiveCfg = Debug|Any CPU
		{7DA94F24-F347-4635-B55B-4096B23CF3C2}.Debug|Any CPU.Build.0 = Debug|Any CPU
		{7DA94F24-F347-4635-B55B-4096B23CF3C2}.Release|Any CPU.ActiveCfg = Release|Any CPU
		{7DA94F24-F347-4635-B55B-4096B23CF3C2}.Release|Any CPU.Build.0 = Release|Any CPU
	EndGlobalSection
	GlobalSection(SolutionProperties) = preSolution
		HideSolutionNode = FALSE
	EndGlobalSection
	GlobalSection(ExtensibilityGlobals) = postSolution
		SolutionGuid = {24824769-ACD0-422E-B49E-26E246EA519A}
	EndGlobalSection
EndGlobal
